
Microsoft Visual Studio Solution File, Format Version 12.00
# Visual Studio Version 17
VisualStudioVersion = 17.14.36414.22 d17.14
MinimumVisualStudioVersion = 10.0.40219.1
Project("{8BC9CEB8-8B4A-11D0-8D11-00A0C91BC942}") = "Lab4OPI(8 MiniGroup)", "Lab4OPI(8 MiniGroup).vcxproj", "{66413B3E-DCA0-46B2-A116-41224FE5EC23}"
EndProject
Global
	GlobalSection(SolutionConfigurationPlatforms) = preSolution
		Debug|x64 = Debug|x64
		Debug|x86 = Debug|x86
		Release|x64 = Release|x64
		Release|x86 = Release|x86
	EndGlobalSection
	GlobalSection(ProjectConfigurationPlatforms) = postSolution
		{66413B3E-DCA0-46B2-A116-41224FE5EC23}.Debug|x64.ActiveCfg = Debug|x64
		{66413B3E-DCA0-46B2-A116-41224FE5EC23}.Debug|x64.Build.0 = Debug|x64
		{66413B3E-DCA0-46B2-A116-41224FE5EC23}.Debug|x86.ActiveCfg = Debug|Win32
		{66413B3E-DCA0-46B2-A116-41224FE5EC23}.Debug|x86.Build.0 = Debug|Win32
		{66413B3E-DCA0-46B2-A116-41224FE5EC23}.Release|x64.ActiveCfg = Release|x64
		{66413B3E-DCA0-46B2-A116-41224FE5EC23}.Release|x64.Build.0 = Release|x64
		{66413B3E-DCA0-46B2-A116-41224FE5EC23}.Release|x86.ActiveCfg = Release|Win32
		{66413B3E-DCA0-46B2-A116-41224FE5EC23}.Release|x86.Build.0 = Release|Win32
	EndGlobalSection
	GlobalSection(SolutionProperties) = preSolution
		HideSolutionNode = FALSE
	EndGlobalSection
	GlobalSection(ExtensibilityGlobals) = postSolution
		SolutionGuid = {41B36C12-6DE4-4A7B-AB47-74BE5A1E1337}
	EndGlobalSection
EndGlobal
